
Microsoft Visual Studio Solution File, Format Version 12.00
# Visual Studio 15
VisualStudioVersion = 15.0.27428.2015
MinimumVisualStudioVersion = 10.0.40219.1
Project("{8BC9CEB8-8B4A-11D0-8D11-00A0C91BC942}") = "win32Test", "win32Test\win32Test.vcxproj", "{BAC247D8-39E5-4770-BED9-D4352546220C}"
EndProject
Global
	GlobalSection(SolutionConfigurationPlatforms) = preSolution
		Debug|x64 = Debug|x64
		Debug|x86 = Debug|x86
		Release|x64 = Release|x64
		Release|x86 = Release|x86
	EndGlobalSection
	GlobalSection(ProjectConfigurationPlatforms) = postSolution
		{BAC247D8-39E5-4770-BED9-D4352546220C}.Debug|x64.ActiveCfg = Debug|x64
		{BAC247D8-39E5-4770-BED9-D4352546220C}.Debug|x64.Build.0 = Debug|x64
		{BAC247D8-39E5-4770-BED9-D4352546220C}.Debug|x86.ActiveCfg = Debug|Win32
		{BAC247D8-39E5-4770-BED9-D4352546220C}.Debug|x86.Build.0 = Debug|Win32
		{BAC247D8-39E5-4770-BED9-D4352546220C}.Release|x64.ActiveCfg = Release|x64
		{BAC247D8-39E5-4770-BED9-D4352546220C}.Release|x64.Build.0 = Release|x64
		{BAC247D8-39E5-4770-BED9-D4352546220C}.Release|x86.ActiveCfg = Release|Win32
		{BAC247D8-39E5-4770-BED9-D4352546220C}.Release|x86.Build.0 = Release|Win32
	EndGlobalSection
	GlobalSection(SolutionProperties) = preSolution
		HideSolutionNode = FALSE
	EndGlobalSection
	GlobalSection(ExtensibilityGlobals) = postSolution
		SolutionGuid = {61B2B819-869D-4BF3-9735-CAEBAA90B592}
	EndGlobalSection
EndGlobal
